
Microsoft Visual Studio Solution File, Format Version 12.00
# Visual Studio 14
VisualStudioVersion = 14.0.23107.0
MinimumVisualStudioVersion = 10.0.40219.1
Project("{FAE04EC0-301F-11D3-BF4B-00C04F79EFBC}") = "ColumbusLogs.Web", "AspNetWebApp\ColumbusLogs.Web.csproj", "{01B641D5-7866-45B8-B2C3-6AF39137B419}"
EndProject
Project("{FAE04EC0-301F-11D3-BF4B-00C04F79EFBC}") = "DataHelper", "DataHelper\DataHelper.csproj", "{B4206FA9-8836-413A-AD53-D9E28F8E93DF}"
EndProject
Project("{FAE04EC0-301F-11D3-BF4B-00C04F79EFBC}") = "Core", "Core\Core.csproj", "{0603BD9A-E236-42B0-B022-5D738CF39D1A}"
EndProject
Project("{FAE04EC0-301F-11D3-BF4B-00C04F79EFBC}") = "Models", "Models\Models.csproj", "{709D14E9-FC8B-4DAB-927A-A63595B18313}"
EndProject
Project("{FAE04EC0-301F-11D3-BF4B-00C04F79EFBC}") = "Modes.Tests", "Modes.Tests\Modes.Tests.csproj", "{79FBC906-E593-43F7-8F0F-69CEE8FA909A}"
EndProject
Global
	GlobalSection(SolutionConfigurationPlatforms) = preSolution
		Debug|Any CPU = Debug|Any CPU
		Debug|ARM = Debug|ARM
		Debug|x64 = Debug|x64
		Debug|x86 = Debug|x86
		Release|Any CPU = Release|Any CPU
		Release|ARM = Release|ARM
		Release|x64 = Release|x64
		Release|x86 = Release|x86
	EndGlobalSection
	GlobalSection(ProjectConfigurationPlatforms) = postSolution
		{01B641D5-7866-45B8-B2C3-6AF39137B419}.Debug|Any CPU.ActiveCfg = Debug|Any CPU
		{01B641D5-7866-45B8-B2C3-6AF39137B419}.Debug|Any CPU.Build.0 = Debug|Any CPU
		{01B641D5-7866-45B8-B2C3-6AF39137B419}.Debug|ARM.ActiveCfg = Debug|Any CPU
		{01B641D5-7866-45B8-B2C3-6AF39137B419}.Debug|ARM.Build.0 = Debug|Any CPU
		{01B641D5-7866-45B8-B2C3-6AF39137B419}.Debug|x64.ActiveCfg = Debug|Any CPU
		{01B641D5-7866-45B8-B2C3-6AF39137B419}.Debug|x64.Build.0 = Debug|Any CPU
		{01B641D5-7866-45B8-B2C3-6AF39137B419}.Debug|x86.ActiveCfg = Debug|Any CPU
		{01B641D5-7866-45B8-B2C3-6AF39137B419}.Debug|x86.Build.0 = Debug|Any CPU
		{01B641D5-7866-45B8-B2C3-6AF39137B419}.Release|Any CPU.ActiveCfg = Release|Any CPU
		{01B641D5-7866-45B8-B2C3-6AF39137B419}.Release|Any CPU.Build.0 = Release|Any CPU
		{01B641D5-7866-45B8-B2C3-6AF39137B419}.Release|ARM.ActiveCfg = Release|Any CPU
		{01B641D5-7866-45B8-B2C3-6AF39137B419}.Release|ARM.Build.0 = Release|Any CPU
		{01B641D5-7866-45B8-B2C3-6AF39137B419}.Release|x64.ActiveCfg = Release|Any CPU
		{01B641D5-7866-45B8-B2C3-6AF39137B419}.Release|x64.Build.0 = Release|Any CPU
		{01B641D5-7866-45B8-B2C3-6AF39137B419}.Release|x86.ActiveCfg = Release|Any CPU
		{01B641D5-7866-45B8-B2C3-6AF39137B419}.Release|x86.Build.0 = Release|Any CPU
		{B4206FA9-8836-413A-AD53-D9E28F8E93DF}.Debug|Any CPU.ActiveCfg = Debug|Any CPU
		{B4206FA9-8836-413A-AD53-D9E28F8E93DF}.Debug|Any CPU.Build.0 = Debug|Any CPU
		{B4206FA9-8836-413A-AD53-D9E28F8E93DF}.Debug|ARM.ActiveCfg = Debug|Any CPU
		{B4206FA9-8836-413A-AD53-D9E28F8E93DF}.Debug|ARM.Build.0 = Debug|Any CPU
		{B4206FA9-8836-413A-AD53-D9E28F8E93DF}.Debug|x64.ActiveCfg = Debug|Any CPU
		{B4206FA9-8836-413A-AD53-D9E28F8E93DF}.Debug|x64.Build.0 = Debug|Any CPU
		{B4206FA9-8836-413A-AD53-D9E28F8E93DF}.Debug|x86.ActiveCfg = Debug|Any CPU
		{B4206FA9-8836-413A-AD53-D9E28F8E93DF}.Debug|x86.Build.0 = Debug|Any CPU
		{B4206FA9-8836-413A-AD53-D9E28F8E93DF}.Release|Any CPU.ActiveCfg = Release|Any CPU
		{B4206FA9-8836-413A-AD53-D9E28F8E93DF}.Release|Any CPU.Build.0 = Release|Any CPU
		{B4206FA9-8836-413A-AD53-D9E28F8E93DF}.Release|ARM.ActiveCfg = Release|Any CPU
		{B4206FA9-8836-413A-AD53-D9E28F8E93DF}.Release|ARM.Build.0 = Release|Any CPU
		{B4206FA9-8836-413A-AD53-D9E28F8E93DF}.Release|x64.ActiveCfg = Release|Any CPU
		{B4206FA9-8836-413A-AD53-D9E28F8E93DF}.Release|x64.Build.0 = Release|Any CPU
		{B4206FA9-8836-413A-AD53-D9E28F8E93DF}.Release|x86.ActiveCfg = Release|Any CPU
		{B4206FA9-8836-413A-AD53-D9E28F8E93DF}.Release|x86.Build.0 = Release|Any CPU
		{0603BD9A-E236-42B0-B022-5D738CF39D1A}.Debug|Any CPU.ActiveCfg = Debug|Any CPU
		{0603BD9A-E236-42B0-B022-5D738CF39D1A}.Debug|Any CPU.Build.0 = Debug|Any CPU
		{0603BD9A-E236-42B0-B022-5D738CF39D1A}.Debug|ARM.ActiveCfg = Debug|Any CPU
		{0603BD9A-E236-42B0-B022-5D738CF39D1A}.Debug|ARM.Build.0 = Debug|Any CPU
		{0603BD9A-E236-42B0-B022-5D738CF39D1A}.Debug|x64.ActiveCfg = Debug|Any CPU
		{0603BD9A-E236-42B0-B022-5D738CF39D1A}.Debug|x64.Build.0 = Debug|Any CPU
		{0603BD9A-E236-42B0-B022-5D738CF39D1A}.Debug|x86.ActiveCfg = Debug|Any CPU
		{0603BD9A-E236-42B0-B022-5D738CF39D1A}.Debug|x86.Build.0 = Debug|Any CPU
		{0603BD9A-E236-42B0-B022-5D738CF39D1A}.Release|Any CPU.ActiveCfg = Release|Any CPU
		{0603BD9A-E236-42B0-B022-5D738CF39D1A}.Release|Any CPU.Build.0 = Release|Any CPU
		{0603BD9A-E236-42B0-B022-5D738CF39D1A}.Release|ARM.ActiveCfg = Release|Any CPU
		{0603BD9A-E236-42B0-B022-5D738CF39D1A}.Release|ARM.Build.0 = Release|Any CPU
		{0603BD9A-E236-42B0-B022-5D738CF39D1A}.Release|x64.ActiveCfg = Release|Any CPU
		{0603BD9A-E236-42B0-B022-5D738CF39D1A}.Release|x64.Build.0 = Release|Any CPU
		{0603BD9A-E236-42B0-B022-5D738CF39D1A}.Release|x86.ActiveCfg = Release|Any CPU
		{0603BD9A-E236-42B0-B022-5D738CF39D1A}.Release|x86.Build.0 = Release|Any CPU
		{709D14E9-FC8B-4DAB-927A-A63595B18313}.Debug|Any CPU.ActiveCfg = Debug|Any CPU
		{709D14E9-FC8B-4DAB-927A-A63595B18313}.Debug|Any CPU.Build.0 = Debug|Any CPU
		{709D14E9-FC8B-4DAB-927A-A63595B18313}.Debug|ARM.ActiveCfg = Debug|Any CPU
		{709D14E9-FC8B-4DAB-927A-A63595B18313}.Debug|ARM.Build.0 = Debug|Any CPU
		{709D14E9-FC8B-4DAB-927A-A63595B18313}.Debug|x64.ActiveCfg = Debug|Any CPU
		{709D14E9-FC8B-4DAB-927A-A63595B18313}.Debug|x64.Build.0 = Debug|Any CPU
		{709D14E9-FC8B-4DAB-927A-A63595B18313}.Debug|x86.ActiveCfg = Debug|Any CPU
		{709D14E9-FC8B-4DAB-927A-A63595B18313}.Debug|x86.Build.0 = Debug|Any CPU
		{709D14E9-FC8B-4DAB-927A-A63595B18313}.Release|Any CPU.ActiveCfg = Release|Any CPU
		{709D14E9-FC8B-4DAB-927A-A63595B18313}.Release|Any CPU.Build.0 = Release|Any CPU
		{709D14E9-FC8B-4DAB-927A-A63595B18313}.Release|ARM.ActiveCfg = Release|Any CPU
		{709D14E9-FC8B-4DAB-927A-A63595B18313}.Release|ARM.Build.0 = Release|Any CPU
		{709D14E9-FC8B-4DAB-927A-A63595B18313}.Release|x64.ActiveCfg = Release|Any CPU
		{709D14E9-FC8B-4DAB-927A-A63595B18313}.Release|x64.Build.0 = Release|Any CPU
		{709D14E9-FC8B-4DAB-927A-A63595B18313}.Release|x86.ActiveCfg = Release|Any CPU
		{709D14E9-FC8B-4DAB-927A-A63595B18313}.Release|x86.Build.0 = Release|Any CPU
		{79FBC906-E593-43F7-8F0F-69CEE8FA909A}.Debug|Any CPU.ActiveCfg = Debug|Any CPU
		{79FBC906-E593-43F7-8F0F-69CEE8FA909A}.Debug|Any CPU.Build.0 = Debug|Any CPU
		{79FBC906-E593-43F7-8F0F-69CEE8FA909A}.Debug|ARM.ActiveCfg = Debug|Any CPU
		{79FBC906-E593-43F7-8F0F-69CEE8FA909A}.Debug|ARM.Build.0 = Debug|Any CPU
		{79FBC906-E593-43F7-8F0F-69CEE8FA909A}.Debug|x64.ActiveCfg = Debug|Any CPU
		{79FBC906-E593-43F7-8F0F-69CEE8FA909A}.Debug|x64.Build.0 = Debug|Any CPU
		{79FBC906-E593-43F7-8F0F-69CEE8FA909A}.Debug|x86.ActiveCfg = Debug|Any CPU
		{79FBC906-E593-43F7-8F0F-69CEE8FA909A}.Debug|x86.Build.0 = Debug|Any CPU
		{79FBC906-E593-43F7-8F0F-69CEE8FA909A}.Release|Any CPU.ActiveCfg = Release|Any CPU
		{79FBC906-E593-43F7-8F0F-69CEE8FA909A}.Release|Any CPU.Build.0 = Release|Any CPU
		{79FBC906-E593-43F7-8F0F-69CEE8FA909A}.Release|ARM.ActiveCfg = Release|Any CPU
		{79FBC906-E593-43F7-8F0F-69CEE8FA909A}.Release|ARM.Build.0 = Release|Any CPU
		{79FBC906-E593-43F7-8F0F-69CEE8FA909A}.Release|x64.ActiveCfg = Release|Any CPU
		{79FBC906-E593-43F7-8F0F-69CEE8FA909A}.Release|x64.Build.0 = Release|Any CPU
		{79FBC906-E593-43F7-8F0F-69CEE8FA909A}.Release|x86.ActiveCfg = Release|Any CPU
		{79FBC906-E593-43F7-8F0F-69CEE8FA909A}.Release|x86.Build.0 = Release|Any CPU
	EndGlobalSection
	GlobalSection(SolutionProperties) = preSolution
		HideSolutionNode = FALSE
	EndGlobalSection
EndGlobal
